
Microsoft Visual Studio Solution File, Format Version 12.00
# Visual Studio 15
VisualStudioVersion = 15.0.28010.2016
MinimumVisualStudioVersion = 10.0.40219.1
Project("{FAE04EC0-301F-11D3-BF4B-00C04F79EFBC}") = "WebApplication1", "WebApplication1\WebApplication1.csproj", "{C54544C8-5639-4924-BF1E-FFF605C16995}"
EndProject
Global
	GlobalSection(SolutionConfigurationPlatforms) = preSolution
		Debug|Any CPU = Debug|Any CPU
		Release|Any CPU = Release|Any CPU
	EndGlobalSection
	GlobalSection(ProjectConfigurationPlatforms) = postSolution
		{C54544C8-5639-4924-BF1E-FFF605C16995}.Debug|Any CPU.ActiveCfg = Debug|Any CPU
		{C54544C8-5639-4924-BF1E-FFF605C16995}.Debug|Any CPU.Build.0 = Debug|Any CPU
		{C54544C8-5639-4924-BF1E-FFF605C16995}.Release|Any CPU.ActiveCfg = Release|Any CPU
		{C54544C8-5639-4924-BF1E-FFF605C16995}.Release|Any CPU.Build.0 = Release|Any CPU
	EndGlobalSection
	GlobalSection(SolutionProperties) = preSolution
		HideSolutionNode = FALSE
	EndGlobalSection
	GlobalSection(ExtensibilityGlobals) = postSolution
		SolutionGuid = {59E922A3-90F7-44B3-9904-EFADAA78B2EA}
	EndGlobalSection
EndGlobal
